PODS:
  - CYLTableViewPlaceHolder (1.0.8)
  - FMDB (2.6.2):
    - FMDB/standard (= 2.6.2)
  - FMDB/standard (2.6.2)
  - Masonry (1.0.2)
  - PNChart (0.8.9):
    - UICountingLabel (~> 1.2.0)
  - pop (1.0.9)
  - SCLAlertView-Objective-C (1.1.2)
  - SVProgressHUD (2.1.2)
  - UICountingLabel (1.2.0)
  - YYCategories (1.0.4):
    - YYCategories/no-arc (= 1.0.4)
  - YYCategories/no-arc (1.0.4)

DEPENDENCIES:
  - CYLTableViewPlaceHolder
  - FMDB
  - Masonry (~> 1.0.2)
  - PNChart
  - pop
  - SCLAlertView-Objective-C
  - SVProgressHUD
  - YYCategories

SPEC CHECKSUMS:
  CYLTableViewPlaceHolder: 44075c119aab78bbc514c75d771d6565e19938e8
  FMDB: 854a0341b4726e53276f2a8996f06f1b80f9259a
  Masonry: 7c429b56da9d4ee0bbb3ed77a5ea710d6a5df39e
  PNChart: 84774d225c2126ded6c93d4dbe6ae98c3a73c2d2
  pop: f667631a5108a2e60d9e8797c9b32ddaf2080bce
  SCLAlertView-Objective-C: 0e54351fa4f98a5c7c6ad3727e6dbb46784534e5
  SVProgressHUD: c404a55d78acbeb7ebb78b76d3faf986475a6994
  UICountingLabel: 1db4e7d023e1762171eb226d6dff47a7a84f27aa
  YYCategories: 6bcd4314c6661a561410dce4a793379ebd306abd

PODFILE CHECKSUM: aec0c888a1760807251799981c233fcf39a1f53c

COCOAPODS: 1.2.1
