// !$*UTF8*$!
{
	archiveVersion = 1;
	classes = {
	};
	objectVersion = 46;
	objects = {

/* Begin PBXBuildFile section */
		540E2CF61F57F15A00A8D85F /* JKDBHelper.m in Sources */ = {isa = PBXBuildFile; fileRef = 540E2CF31F57F15A00A8D85F /* JKDBHelper.m */; };
		540E2CF71F57F15A00A8D85F /* JKDBModel.m in Sources */ = {isa = PBXBuildFile; fileRef = 540E2CF51F57F15A00A8D85F /* JKDBModel.m */; };
		544394991F5EB06700791FC3 /* ExpenseViewController.m in Sources */ = {isa = PBXBuildFile; fileRef = 544394971F5EB06600791FC3 /* ExpenseViewController.m */; };
		5443949A1F5EB06700791FC3 /* ExpenseViewController.xib in Resources */ = {isa = PBXBuildFile; fileRef = 544394981F5EB06600791FC3 /* ExpenseViewController.xib */; };
		5443949E1F5EBB2D00791FC3 /* OrderTableViewCell.m in Sources */ = {isa = PBXBuildFile; fileRef = 5443949C1F5EBB2D00791FC3 /* OrderTableViewCell.m */; };
		5443949F1F5EBB2D00791FC3 /* OrderTableViewCell.xib in Resources */ = {isa = PBXBuildFile; fileRef = 5443949D1F5EBB2D00791FC3 /* OrderTableViewCell.xib */; };
		544394A21F5FD06C00791FC3 /* PullDwonView.m in Sources */ = {isa = PBXBuildFile; fileRef = 544394A11F5FD06C00791FC3 /* PullDwonView.m */; };
		544394A51F5FEAD700791FC3 /* SpendView.m in Sources */ = {isa = PBXBuildFile; fileRef = 544394A41F5FEAD700791FC3 /* SpendView.m */; };
		544394A71F60EAE800791FC3 /* SpendView.xib in Resources */ = {isa = PBXBuildFile; fileRef = 544394A61F60EAE800791FC3 /* SpendView.xib */; };
		544394AB1F6139EF00791FC3 /* LabelCollectionViewCell.m in Sources */ = {isa = PBXBuildFile; fileRef = 544394A91F6139EF00791FC3 /* LabelCollectionViewCell.m */; };
		544394AC1F6139EF00791FC3 /* LabelCollectionViewCell.xib in Resources */ = {isa = PBXBuildFile; fileRef = 544394AA1F6139EF00791FC3 /* LabelCollectionViewCell.xib */; };
		544F8A5C1F623A440078B3D4 /* OrderTypeLabel.plist in Resources */ = {isa = PBXBuildFile; fileRef = 544F8A5B1F623A440078B3D4 /* OrderTypeLabel.plist */; };
		54E1ACDF1F4D7DFA009A3FCE /* MainViewController.m in Sources */ = {isa = PBXBuildFile; fileRef = 54E1ACDC1F4D7DFA009A3FCE /* MainViewController.m */; };
		54E1ACE31F4D7E26009A3FCE /* MainTableViewCell.m in Sources */ = {isa = PBXBuildFile; fileRef = 54E1ACE11F4D7E26009A3FCE /* MainTableViewCell.m */; };
		54E1ACE41F4D7E26009A3FCE /* MainTableViewCell.xib in Resources */ = {isa = PBXBuildFile; fileRef = 54E1ACE21F4D7E26009A3FCE /* MainTableViewCell.xib */; };
		54E1ACE71F4D7F75009A3FCE /* BudgetModel.m in Sources */ = {isa = PBXBuildFile; fileRef = 54E1ACE61F4D7F75009A3FCE /* BudgetModel.m */; };
		54E1ACEA1F4D806A009A3FCE /* DataBaseManager.m in Sources */ = {isa = PBXBuildFile; fileRef = 54E1ACE91F4D806A009A3FCE /* DataBaseManager.m */; };
		54E1ACEE1F4EB49A009A3FCE /* AddBudgetViewController.m in Sources */ = {isa = PBXBuildFile; fileRef = 54E1ACEC1F4EB49A009A3FCE /* AddBudgetViewController.m */; };
		54E1ACEF1F4EB49A009A3FCE /* AddBudgetViewController.xib in Resources */ = {isa = PBXBuildFile; fileRef = 54E1ACED1F4EB49A009A3FCE /* AddBudgetViewController.xib */; };
		AB066D631F4D25D400378D80 /* main.m in Sources */ = {isa = PBXBuildFile; fileRef = AB066D621F4D25D400378D80 /* main.m */; };
		AB066D661F4D25D400378D80 /* AppDelegate.m in Sources */ = {isa = PBXBuildFile; fileRef = AB066D651F4D25D400378D80 /* AppDelegate.m */; };
		AB066D6C1F4D25D400378D80 /* Main.storyboard in Resources */ = {isa = PBXBuildFile; fileRef = AB066D6A1F4D25D400378D80 /* Main.storyboard */; };
		AB066D6E1F4D25D400378D80 /* Assets.xcassets in Resources */ = {isa = PBXBuildFile; fileRef = AB066D6D1F4D25D400378D80 /* Assets.xcassets */; };
		AB066D711F4D25D400378D80 /* LaunchScreen.storyboard in Resources */ = {isa = PBXBuildFile; fileRef = AB066D6F1F4D25D400378D80 /* LaunchScreen.storyboard */; };
		AB066D7C1F4D25D500378D80 /* SmartbudgetTests.m in Sources */ = {isa = PBXBuildFile; fileRef = AB066D7B1F4D25D500378D80 /* SmartbudgetTests.m */; };
		AB066D871F4D25D500378D80 /* SmartbudgetUITests.m in Sources */ = {isa = PBXBuildFile; fileRef = AB066D861F4D25D500378D80 /* SmartbudgetUITests.m */; };
		AB066DA11F4D2B7900378D80 /* RootViewController.m in Sources */ = {isa = PBXBuildFile; fileRef = AB066DA01F4D2B7900378D80 /* RootViewController.m */; };
		AB066DA41F4D2B9B00378D80 /* RootNavgationController.m in Sources */ = {isa = PBXBuildFile; fileRef = AB066DA31F4D2B9B00378D80 /* RootNavgationController.m */; };
		AB066DA71F4D2BAF00378D80 /* RootView.m in Sources */ = {isa = PBXBuildFile; fileRef = AB066DA61F4D2BAF00378D80 /* RootView.m */; };
		AB066DAD1F4D2D4D00378D80 /* AppSettingDefault.m in Sources */ = {isa = PBXBuildFile; fileRef = AB066DAC1F4D2D4D00378D80 /* AppSettingDefault.m */; };
		AB066DB11F4D333500378D80 /* UIColor+AppConfigure.m in Sources */ = {isa = PBXBuildFile; fileRef = AB066DB01F4D333500378D80 /* UIColor+AppConfigure.m */; };
		BE4EAB8AA4811DDDF1EDF155 /* libPods-SmartbudgetTests.a in Frameworks */ = {isa = PBXBuildFile; fileRef = 9C7135A583FE9612404C3097 /* libPods-SmartbudgetTests.a */; };
		CCC433AB2E4E73754408B0AE /* libPods-SmartbudgetUITests.a in Frameworks */ = {isa = PBXBuildFile; fileRef = 3F5876C7E300AF0C6F60B7A1 /* libPods-SmartbudgetUITests.a */; };
		DA61A4BD1C2A3D92F65994B0 /* libPods-Smartbudget.a in Frameworks */ = {isa = PBXBuildFile; fileRef = 6AF6717AE812B27AEA7C80C4 /* libPods-Smartbudget.a */; };
/* End PBXBuildFile section */

/* Begin PBXContainerItemProxy section */
		AB066D781F4D25D500378D80 /* PBXContainerItemProxy */ = {
			isa = PBXContainerItemProxy;
			containerPortal = AB066D561F4D25D400378D80 /* Project object */;
			proxyType = 1;
			remoteGlobalIDString = AB066D5D1F4D25D400378D80;
			remoteInfo = Smartbudget;
		};
		AB066D831F4D25D500378D80 /* PBXContainerItemProxy */ = {
			isa = PBXContainerItemProxy;
			containerPortal = AB066D561F4D25D400378D80 /* Project object */;
			proxyType = 1;
			remoteGlobalIDString = AB066D5D1F4D25D400378D80;
			remoteInfo = Smartbudget;
		};
/* End PBXContainerItemProxy section */

/* Begin PBXFileReference section */
		3F5876C7E300AF0C6F60B7A1 /* libPods-SmartbudgetUITests.a */ = {isa = PBXFileReference; explicitFileType = archive.ar; includeInIndex = 0; path = "libPods-SmartbudgetUITests.a"; sourceTree = BUILT_PRODUCTS_DIR; };
		540E2CF21F57F15A00A8D85F /* JKDBHelper.h */ = {isa = PBXFileReference; fileEncoding = 4; lastKnownFileType = sourcecode.c.h; path = JKDBHelper.h; sourceTree = "<group>"; };
		540E2CF31F57F15A00A8D85F /* JKDBHelper.m */ = {isa = PBXFileReference; fileEncoding = 4; lastKnownFileType = sourcecode.c.objc; path = JKDBHelper.m; sourceTree = "<group>"; };
		540E2CF41F57F15A00A8D85F /* JKDBModel.h */ = {isa = PBXFileReference; fileEncoding = 4; lastKnownFileType = sourcecode.c.h; path = JKDBModel.h; sourceTree = "<group>"; };
		540E2CF51F57F15A00A8D85F /* JKDBModel.m */ = {isa = PBXFileReference; fileEncoding = 4; lastKnownFileType = sourcecode.c.objc; path = JKDBModel.m; sourceTree = "<group>"; };
		544394961F5EB06600791FC3 /* ExpenseViewController.h */ = {isa = PBXFileReference; fileEncoding = 4; lastKnownFileType = sourcecode.c.h; path = ExpenseViewController.h; sourceTree = "<group>"; };
		544394971F5EB06600791FC3 /* ExpenseViewController.m */ = {isa = PBXFileReference; fileEncoding = 4; lastKnownFileType = sourcecode.c.objc; path = ExpenseViewController.m; sourceTree = "<group>"; };
		544394981F5EB06600791FC3 /* ExpenseViewController.xib */ = {isa = PBXFileReference; fileEncoding = 4; lastKnownFileType = file.xib; path = ExpenseViewController.xib; sourceTree = "<group>"; };
		5443949B1F5EBB2D00791FC3 /* OrderTableViewCell.h */ = {isa = PBXFileReference; fileEncoding = 4; lastKnownFileType = sourcecode.c.h; path = OrderTableViewCell.h; sourceTree = "<group>"; };
		5443949C1F5EBB2D00791FC3 /* OrderTableViewCell.m */ = {isa = PBXFileReference; fileEncoding = 4; lastKnownFileType = sourcecode.c.objc; path = OrderTableViewCell.m; sourceTree = "<group>"; };
		5443949D1F5EBB2D00791FC3 /* OrderTableViewCell.xib */ = {isa = PBXFileReference; fileEncoding = 4; lastKnownFileType = file.xib; path = OrderTableViewCell.xib; sourceTree = "<group>"; };
		544394A01F5FD06C00791FC3 /* PullDwonView.h */ = {isa = PBXFileReference; fileEncoding = 4; lastKnownFileType = sourcecode.c.h; path = PullDwonView.h; sourceTree = "<group>"; };
		544394A11F5FD06C00791FC3 /* PullDwonView.m */ = {isa = PBXFileReference; fileEncoding = 4; lastKnownFileType = sourcecode.c.objc; path = PullDwonView.m; sourceTree = "<group>"; };
		544394A31F5FEAD700791FC3 /* SpendView.h */ = {isa = PBXFileReference; fileEncoding = 4; lastKnownFileType = sourcecode.c.h; path = SpendView.h; sourceTree = "<group>"; };
		544394A41F5FEAD700791FC3 /* SpendView.m */ = {isa = PBXFileReference; fileEncoding = 4; lastKnownFileType = sourcecode.c.objc; path = SpendView.m; sourceTree = "<group>"; };
		544394A61F60EAE800791FC3 /* SpendView.xib */ = {isa = PBXFileReference; fileEncoding = 4; lastKnownFileType = file.xib; path = SpendView.xib; sourceTree = "<group>"; };
		544394A81F6139EF00791FC3 /* LabelCollectionViewCell.h */ = {isa = PBXFileReference; fileEncoding = 4; lastKnownFileType = sourcecode.c.h; path = LabelCollectionViewCell.h; sourceTree = "<group>"; };
		544394A91F6139EF00791FC3 /* LabelCollectionViewCell.m */ = {isa = PBXFileReference; fileEncoding = 4; lastKnownFileType = sourcecode.c.objc; path = LabelCollectionViewCell.m; sourceTree = "<group>"; };
		544394AA1F6139EF00791FC3 /* LabelCollectionViewCell.xib */ = {isa = PBXFileReference; fileEncoding = 4; lastKnownFileType = file.xib; path = LabelCollectionViewCell.xib; sourceTree = "<group>"; };
		544F8A5B1F623A440078B3D4 /* OrderTypeLabel.plist */ = {isa = PBXFileReference; fileEncoding = 4; lastKnownFileType = text.plist.xml; path = OrderTypeLabel.plist; sourceTree = "<group>"; };
		54E1ACDB1F4D7DFA009A3FCE /* MainViewController.h */ = {isa = PBXFileReference; fileEncoding = 4; lastKnownFileType = sourcecode.c.h; path = MainViewController.h; sourceTree = "<group>"; };
		54E1ACDC1F4D7DFA009A3FCE /* MainViewController.m */ = {isa = PBXFileReference; fileEncoding = 4; lastKnownFileType = sourcecode.c.objc; path = MainViewController.m; sourceTree = "<group>"; };
		54E1ACE01F4D7E26009A3FCE /* MainTableViewCell.h */ = {isa = PBXFileReference; fileEncoding = 4; lastKnownFileType = sourcecode.c.h; path = MainTableViewCell.h; sourceTree = "<group>"; };
		54E1ACE11F4D7E26009A3FCE /* MainTableViewCell.m */ = {isa = PBXFileReference; fileEncoding = 4; lastKnownFileType = sourcecode.c.objc; path = MainTableViewCell.m; sourceTree = "<group>"; };
		54E1ACE21F4D7E26009A3FCE /* MainTableViewCell.xib */ = {isa = PBXFileReference; fileEncoding = 4; lastKnownFileType = file.xib; path = MainTableViewCell.xib; sourceTree = "<group>"; };
		54E1ACE51F4D7F75009A3FCE /* BudgetModel.h */ = {isa = PBXFileReference; fileEncoding = 4; lastKnownFileType = sourcecode.c.h; path = BudgetModel.h; sourceTree = "<group>"; };
		54E1ACE61F4D7F75009A3FCE /* BudgetModel.m */ = {isa = PBXFileReference; fileEncoding = 4; lastKnownFileType = sourcecode.c.objc; path = BudgetModel.m; sourceTree = "<group>"; };
		54E1ACE81F4D806A009A3FCE /* DataBaseManager.h */ = {isa = PBXFileReference; fileEncoding = 4; lastKnownFileType = sourcecode.c.h; path = DataBaseManager.h; sourceTree = "<group>"; };
		54E1ACE91F4D806A009A3FCE /* DataBaseManager.m */ = {isa = PBXFileReference; fileEncoding = 4; lastKnownFileType = sourcecode.c.objc; path = DataBaseManager.m; sourceTree = "<group>"; };
		54E1ACEB1F4EB49A009A3FCE /* AddBudgetViewController.h */ = {isa = PBXFileReference; fileEncoding = 4; lastKnownFileType = sourcecode.c.h; path = AddBudgetViewController.h; sourceTree = "<group>"; };
		54E1ACEC1F4EB49A009A3FCE /* AddBudgetViewController.m */ = {isa = PBXFileReference; fileEncoding = 4; lastKnownFileType = sourcecode.c.objc; path = AddBudgetViewController.m; sourceTree = "<group>"; };
		54E1ACED1F4EB49A009A3FCE /* AddBudgetViewController.xib */ = {isa = PBXFileReference; fileEncoding = 4; lastKnownFileType = file.xib; path = AddBudgetViewController.xib; sourceTree = "<group>"; };
		6AF6717AE812B27AEA7C80C4 /* libPods-Smartbudget.a */ = {isa = PBXFileReference; explicitFileType = archive.ar; includeInIndex = 0; path = "libPods-Smartbudget.a"; sourceTree = BUILT_PRODUCTS_DIR; };
		6BD6083850259A8C7654250B /* Pods-SmartbudgetTests.release.xcconfig */ = {isa = PBXFileReference; includeInIndex = 1; lastKnownFileType = text.xcconfig; name = "Pods-SmartbudgetTests.release.xcconfig"; path = "Pods/Target Support Files/Pods-SmartbudgetTests/Pods-SmartbudgetTests.release.xcconfig"; sourceTree = "<group>"; };
		7187276B38189629F56F845A /* Pods-SmartbudgetUITests.debug.xcconfig */ = {isa = PBXFileReference; includeInIndex = 1; lastKnownFileType = text.xcconfig; name = "Pods-SmartbudgetUITests.debug.xcconfig"; path = "Pods/Target Support Files/Pods-SmartbudgetUITests/Pods-SmartbudgetUITests.debug.xcconfig"; sourceTree = "<group>"; };
		9C7135A583FE9612404C3097 /* libPods-SmartbudgetTests.a */ = {isa = PBXFileReference; explicitFileType = archive.ar; includeInIndex = 0; path = "libPods-SmartbudgetTests.a"; sourceTree = BUILT_PRODUCTS_DIR; };
		9F2F76DA26AA18A767EA8406 /* Pods-Smartbudget.release.xcconfig */ = {isa = PBXFileReference; includeInIndex = 1; lastKnownFileType = text.xcconfig; name = "Pods-Smartbudget.release.xcconfig"; path = "Pods/Target Support Files/Pods-Smartbudget/Pods-Smartbudget.release.xcconfig"; sourceTree = "<group>"; };
		A9E6FC8E629AF15AE6A46147 /* Pods-SmartbudgetTests.debug.xcconfig */ = {isa = PBXFileReference; includeInIndex = 1; lastKnownFileType = text.xcconfig; name = "Pods-SmartbudgetTests.debug.xcconfig"; path = "Pods/Target Support Files/Pods-SmartbudgetTests/Pods-SmartbudgetTests.debug.xcconfig"; sourceTree = "<group>"; };
		AB066D5E1F4D25D400378D80 /* Smartbudget.app */ = {isa = PBXFileReference; explicitFileType = wrapper.application; includeInIndex = 0; path = Smartbudget.app; sourceTree = BUILT_PRODUCTS_DIR; };
		AB066D621F4D25D400378D80 /* main.m */ = {isa = PBXFileReference; lastKnownFileType = sourcecode.c.objc; path = main.m; sourceTree = "<group>"; };
		AB066D641F4D25D400378D80 /* AppDelegate.h */ = {isa = PBXFileReference; lastKnownFileType = sourcecode.c.h; name = AppDelegate.h; path = Smartbudget/AppDelegate.h; sourceTree = SOURCE_ROOT; };
		AB066D651F4D25D400378D80 /* AppDelegate.m */ = {isa = PBXFileReference; lastKnownFileType = sourcecode.c.objc; name = AppDelegate.m; path = Smartbudget/AppDelegate.m; sourceTree = SOURCE_ROOT; };
		AB066D6B1F4D25D400378D80 /* Base */ = {isa = PBXFileReference; lastKnownFileType = file.storyboard; name = Base; path = Base.lproj/Main.storyboard; sourceTree = "<group>"; };
		AB066D6D1F4D25D400378D80 /* Assets.xcassets */ = {isa = PBXFileReference; lastKnownFileType = folder.assetcatalog; name = Assets.xcassets; path = ../Assets.xcassets; sourceTree = "<group>"; };
		AB066D701F4D25D400378D80 /* Base */ = {isa = PBXFileReference; lastKnownFileType = file.storyboard; name = Base; path = Base.lproj/LaunchScreen.storyboard; sourceTree = "<group>"; };
		AB066D721F4D25D400378D80 /* Info.plist */ = {isa = PBXFileReference; lastKnownFileType = text.plist.xml; name = Info.plist; path = ../Info.plist; sourceTree = "<group>"; };
		AB066D771F4D25D500378D80 /* SmartbudgetTests.xctest */ = {isa = PBXFileReference; explicitFileType = wrapper.cfbundle; includeInIndex = 0; path = SmartbudgetTests.xctest; sourceTree = BUILT_PRODUCTS_DIR; };
		AB066D7B1F4D25D500378D80 /* SmartbudgetTests.m */ = {isa = PBXFileReference; lastKnownFileType = sourcecode.c.objc; path = SmartbudgetTests.m; sourceTree = "<group>"; };
		AB066D7D1F4D25D500378D80 /* Info.plist */ = {isa = PBXFileReference; lastKnownFileType = text.plist.xml; path = Info.plist; sourceTree = "<group>"; };
		AB066D821F4D25D500378D80 /* SmartbudgetUITests.xctest */ = {isa = PBXFileReference; explicitFileType = wrapper.cfbundle; includeInIndex = 0; path = SmartbudgetUITests.xctest; sourceTree = BUILT_PRODUCTS_DIR; };
		AB066D861F4D25D500378D80 /* SmartbudgetUITests.m */ = {isa = PBXFileReference; lastKnownFileType = sourcecode.c.objc; path = SmartbudgetUITests.m; sourceTree = "<group>"; };
		AB066D881F4D25D500378D80 /* Info.plist */ = {isa = PBXFileReference; lastKnownFileType = text.plist.xml; path = Info.plist; sourceTree = "<group>"; };
		AB066D9D1F4D29EA00378D80 /* PrefixHeader.pch */ = {isa = PBXFileReference; lastKnownFileType = sourcecode.c.h; path = PrefixHeader.pch; sourceTree = "<group>"; };
		AB066D9F1F4D2B7900378D80 /* RootViewController.h */ = {isa = PBXFileReference; fileEncoding = 4; lastKnownFileType = sourcecode.c.h; path = RootViewController.h; sourceTree = "<group>"; };
		AB066DA01F4D2B7900378D80 /* RootViewController.m */ = {isa = PBXFileReference; fileEncoding = 4; lastKnownFileType = sourcecode.c.objc; path = RootViewController.m; sourceTree = "<group>"; };
		AB066DA21F4D2B9B00378D80 /* RootNavgationController.h */ = {isa = PBXFileReference; fileEncoding = 4; lastKnownFileType = sourcecode.c.h; path = RootNavgationController.h; sourceTree = "<group>"; };
		AB066DA31F4D2B9B00378D80 /* RootNavgationController.m */ = {isa = PBXFileReference; fileEncoding = 4; lastKnownFileType = sourcecode.c.objc; path = RootNavgationController.m; sourceTree = "<group>"; };
		AB066DA51F4D2BAF00378D80 /* RootView.h */ = {isa = PBXFileReference; fileEncoding = 4; lastKnownFileType = sourcecode.c.h; path = RootView.h; sourceTree = "<group>"; };
		AB066DA61F4D2BAF00378D80 /* RootView.m */ = {isa = PBXFileReference; fileEncoding = 4; lastKnownFileType = sourcecode.c.objc; path = RootView.m; sourceTree = "<group>"; };
		AB066DAB1F4D2D4D00378D80 /* AppSettingDefault.h */ = {isa = PBXFileReference; fileEncoding = 4; lastKnownFileType = sourcecode.c.h; path = AppSettingDefault.h; sourceTree = "<group>"; };
		AB066DAC1F4D2D4D00378D80 /* AppSettingDefault.m */ = {isa = PBXFileReference; fileEncoding = 4; lastKnownFileType = sourcecode.c.objc; path = AppSettingDefault.m; sourceTree = "<group>"; };
		AB066DAE1F4D2E4D00378D80 /* GeneralConfigureMarco.h */ = {isa = PBXFileReference; fileEncoding = 4; lastKnownFileType = sourcecode.c.h; path = GeneralConfigureMarco.h; sourceTree = "<group>"; };
		AB066DAF1F4D333500378D80 /* UIColor+AppConfigure.h */ = {isa = PBXFileReference; fileEncoding = 4; lastKnownFileType = sourcecode.c.h; path = "UIColor+AppConfigure.h"; sourceTree = "<group>"; };
		AB066DB01F4D333500378D80 /* UIColor+AppConfigure.m */ = {isa = PBXFileReference; fileEncoding = 4; lastKnownFileType = sourcecode.c.objc; path = "UIColor+AppConfigure.m"; sourceTree = "<group>"; };
		D944F1EFF560884AFD098E14 /* Pods-Smartbudget.debug.xcconfig */ = {isa = PBXFileReference; includeInIndex = 1; lastKnownFileType = text.xcconfig; name = "Pods-Smartbudget.debug.xcconfig"; path = "Pods/Target Support Files/Pods-Smartbudget/Pods-Smartbudget.debug.xcconfig"; sourceTree = "<group>"; };
		E01074A7DC6F3239F8ED68AD /* Pods-SmartbudgetUITests.release.xcconfig */ = {isa = PBXFileReference; includeInIndex = 1; lastKnownFileType = text.xcconfig; name = "Pods-SmartbudgetUITests.release.xcconfig"; path = "Pods/Target Support Files/Pods-SmartbudgetUITests/Pods-SmartbudgetUITests.release.xcconfig"; sourceTree = "<group>"; };
/* End PBXFileReference section */

/* Begin PBXFrameworksBuildPhase section */
		AB066D5B1F4D25D400378D80 /* Frameworks */ = {
			isa = PBXFrameworksBuildPhase;
			buildActionMask = 2147483647;
			files = (
				DA61A4BD1C2A3D92F65994B0 /* libPods-Smartbudget.a in Frameworks */,
			);
			runOnlyForDeploymentPostprocessing = 0;
		};
		AB066D741F4D25D500378D80 /* Frameworks */ = {
			isa = PBXFrameworksBuildPhase;
			buildActionMask = 2147483647;
			files = (
				BE4EAB8AA4811DDDF1EDF155 /* libPods-SmartbudgetTests.a in Frameworks */,
			);
			runOnlyForDeploymentPostprocessing = 0;
		};
		AB066D7F1F4D25D500378D80 /* Frameworks */ = {
			isa = PBXFrameworksBuildPhase;
			buildActionMask = 2147483647;
			files = (
				CCC433AB2E4E73754408B0AE /* libPods-SmartbudgetUITests.a in Frameworks */,
			);
			runOnlyForDeploymentPostprocessing = 0;
		};
/* End PBXFrameworksBuildPhase section */

/* Begin PBXGroup section */
		08624AE8CD378DF78DE91E31 /* Pods */ = {
			isa = PBXGroup;
			children = (
				D944F1EFF560884AFD098E14 /* Pods-Smartbudget.debug.xcconfig */,
				9F2F76DA26AA18A767EA8406 /* Pods-Smartbudget.release.xcconfig */,
				A9E6FC8E629AF15AE6A46147 /* Pods-SmartbudgetTests.debug.xcconfig */,
				6BD6083850259A8C7654250B /* Pods-SmartbudgetTests.release.xcconfig */,
				7187276B38189629F56F845A /* Pods-SmartbudgetUITests.debug.xcconfig */,
				E01074A7DC6F3239F8ED68AD /* Pods-SmartbudgetUITests.release.xcconfig */,
			);
			name = Pods;
			sourceTree = "<group>";
		};
		094A015D02D51678E907AEAD /* Frameworks */ = {
			isa = PBXGroup;
			children = (
				6AF6717AE812B27AEA7C80C4 /* libPods-Smartbudget.a */,
				9C7135A583FE9612404C3097 /* libPods-SmartbudgetTests.a */,
				3F5876C7E300AF0C6F60B7A1 /* libPods-SmartbudgetUITests.a */,
			);
			name = Frameworks;
			sourceTree = "<group>";
		};
		540E2CF01F57F15A00A8D85F /* lib */ = {
			isa = PBXGroup;
			children = (
				540E2CF11F57F15A00A8D85F /* DBModel */,
			);
			path = lib;
			sourceTree = "<group>";
		};
		540E2CF11F57F15A00A8D85F /* DBModel */ = {
			isa = PBXGroup;
			children = (
				540E2CF21F57F15A00A8D85F /* JKDBHelper.h */,
				540E2CF31F57F15A00A8D85F /* JKDBHelper.m */,
				540E2CF41F57F15A00A8D85F /* JKDBModel.h */,
				540E2CF51F57F15A00A8D85F /* JKDBModel.m */,
			);
			path = DBModel;
			sourceTree = "<group>";
		};
		540E2CF81F57F27200A8D85F /* CustomView */ = {
			isa = PBXGroup;
			children = (
				544394A01F5FD06C00791FC3 /* PullDwonView.h */,
				544394A11F5FD06C00791FC3 /* PullDwonView.m */,
				544394A31F5FEAD700791FC3 /* SpendView.h */,
				544394A41F5FEAD700791FC3 /* SpendView.m */,
				544394A61F60EAE800791FC3 /* SpendView.xib */,
			);
			path = CustomView;
			sourceTree = "<group>";
		};
		54E1ACDA1F4D7DFA009A3FCE /* Control */ = {
			isa = PBXGroup;
			children = (
				54E1ACDB1F4D7DFA009A3FCE /* MainViewController.h */,
				54E1ACDC1F4D7DFA009A3FCE /* MainViewController.m */,
				54E1ACEB1F4EB49A009A3FCE /* AddBudgetViewController.h */,
				54E1ACEC1F4EB49A009A3FCE /* AddBudgetViewController.m */,
				54E1ACED1F4EB49A009A3FCE /* AddBudgetViewController.xib */,
				544394961F5EB06600791FC3 /* ExpenseViewController.h */,
				544394971F5EB06600791FC3 /* ExpenseViewController.m */,
				544394981F5EB06600791FC3 /* ExpenseViewController.xib */,
			);
			path = Control;
			sourceTree = "<group>";
		};
		54E1ACDD1F4D7DFA009A3FCE /* Model */ = {
			isa = PBXGroup;
			children = (
				54E1ACE51F4D7F75009A3FCE /* BudgetModel.h */,
				54E1ACE61F4D7F75009A3FCE /* BudgetModel.m */,
			);
			path = Model;
			sourceTree = "<group>";
		};
		54E1ACDE1F4D7DFA009A3FCE /* Cell */ = {
			isa = PBXGroup;
			children = (
				54E1ACE01F4D7E26009A3FCE /* MainTableViewCell.h */,
				54E1ACE11F4D7E26009A3FCE /* MainTableViewCell.m */,
				54E1ACE21F4D7E26009A3FCE /* MainTableViewCell.xib */,
				5443949B1F5EBB2D00791FC3 /* OrderTableViewCell.h */,
				5443949C1F5EBB2D00791FC3 /* OrderTableViewCell.m */,
				5443949D1F5EBB2D00791FC3 /* OrderTableViewCell.xib */,
				544394A81F6139EF00791FC3 /* LabelCollectionViewCell.h */,
				544394A91F6139EF00791FC3 /* LabelCollectionViewCell.m */,
				544394AA1F6139EF00791FC3 /* LabelCollectionViewCell.xib */,
			);
			name = Cell;
			path = View;
			sourceTree = "<group>";
		};
		AB066D551F4D25D400378D80 = {
			isa = PBXGroup;
			children = (
				AB066D601F4D25D400378D80 /* Smartbudget */,
				AB066D7A1F4D25D500378D80 /* SmartbudgetTests */,
				AB066D851F4D25D500378D80 /* SmartbudgetUITests */,
				AB066D5F1F4D25D400378D80 /* Products */,
				08624AE8CD378DF78DE91E31 /* Pods */,
				094A015D02D51678E907AEAD /* Frameworks */,
			);
			sourceTree = "<group>";
		};
		AB066D5F1F4D25D400378D80 /* Products */ = {
			isa = PBXGroup;
			children = (
				AB066D5E1F4D25D400378D80 /* Smartbudget.app */,
				AB066D771F4D25D500378D80 /* SmartbudgetTests.xctest */,
				AB066D821F4D25D500378D80 /* SmartbudgetUITests.xctest */,
			);
			name = Products;
			sourceTree = "<group>";
		};
		AB066D601F4D25D400378D80 /* Smartbudget */ = {
			isa = PBXGroup;
			children = (
				540E2CF01F57F15A00A8D85F /* lib */,
				AB066D941F4D296E00378D80 /* AppDelegate */,
				AB066D951F4D296E00378D80 /* Module */,
				AB066D9A1F4D296E00378D80 /* Resource */,
				AB066D611F4D25D400378D80 /* Supporting Files */,
			);
			path = Smartbudget;
			sourceTree = "<group>";
		};
		AB066D611F4D25D400378D80 /* Supporting Files */ = {
			isa = PBXGroup;
			children = (
				AB066D621F4D25D400378D80 /* main.m */,
			);
			name = "Supporting Files";
			sourceTree = "<group>";
		};
		AB066D7A1F4D25D500378D80 /* SmartbudgetTests */ = {
			isa = PBXGroup;
			children = (
				AB066D7B1F4D25D500378D80 /* SmartbudgetTests.m */,
				AB066D7D1F4D25D500378D80 /* Info.plist */,
			);
			path = SmartbudgetTests;
			sourceTree = "<group>";
		};
		AB066D851F4D25D500378D80 /* SmartbudgetUITests */ = {
			isa = PBXGroup;
			children = (
				AB066D861F4D25D500378D80 /* SmartbudgetUITests.m */,
				AB066D881F4D25D500378D80 /* Info.plist */,
			);
			path = SmartbudgetUITests;
			sourceTree = "<group>";
		};
		AB066D941F4D296E00378D80 /* AppDelegate */ = {
			isa = PBXGroup;
			children = (
				AB066D641F4D25D400378D80 /* AppDelegate.h */,
				AB066D651F4D25D400378D80 /* AppDelegate.m */,
			);
			path = AppDelegate;
			sourceTree = "<group>";
		};
		AB066D951F4D296E00378D80 /* Module */ = {
			isa = PBXGroup;
			children = (
				AB066D9E1F4D2B6200378D80 /* General */,
				AB066D961F4D296E00378D80 /* Base */,
				AB066D971F4D296E00378D80 /* Class */,
				AB066D981F4D296E00378D80 /* Expand */,
				AB066D991F4D296E00378D80 /* Marco */,
			);
			path = Module;
			sourceTree = "<group>";
		};
		AB066D961F4D296E00378D80 /* Base */ = {
			isa = PBXGroup;
			children = (
				AB066D9F1F4D2B7900378D80 /* RootViewController.h */,
				AB066DA01F4D2B7900378D80 /* RootViewController.m */,
				AB066DA21F4D2B9B00378D80 /* RootNavgationController.h */,
				AB066DA31F4D2B9B00378D80 /* RootNavgationController.m */,
				AB066DA51F4D2BAF00378D80 /* RootView.h */,
				AB066DA61F4D2BAF00378D80 /* RootView.m */,
			);
			path = Base;
			sourceTree = "<group>";
		};
		AB066D971F4D296E00378D80 /* Class */ = {
			isa = PBXGroup;
			children = (
				540E2CF81F57F27200A8D85F /* CustomView */,
				54E1ACDA1F4D7DFA009A3FCE /* Control */,
				54E1ACDD1F4D7DFA009A3FCE /* Model */,
				54E1ACDE1F4D7DFA009A3FCE /* Cell */,
			);
			path = Class;
			sourceTree = "<group>";
		};
		AB066D981F4D296E00378D80 /* Expand */ = {
			isa = PBXGroup;
			children = (
				AB066DAF1F4D333500378D80 /* UIColor+AppConfigure.h */,
				AB066DB01F4D333500378D80 /* UIColor+AppConfigure.m */,
				544F8A5B1F623A440078B3D4 /* OrderTypeLabel.plist */,
			);
			path = Expand;
			sourceTree = "<group>";
		};
		AB066D991F4D296E00378D80 /* Marco */ = {
			isa = PBXGroup;
			children = (
				AB066DAE1F4D2E4D00378D80 /* GeneralConfigureMarco.h */,
			);
			path = Marco;
			sourceTree = "<group>";
		};
		AB066D9A1F4D296E00378D80 /* Resource */ = {
			isa = PBXGroup;
			children = (
				AB066D9C1F4D29AE00378D80 /* Image */,
				AB066D6A1F4D25D400378D80 /* Main.storyboard */,
				AB066D6D1F4D25D400378D80 /* Assets.xcassets */,
				AB066D6F1F4D25D400378D80 /* LaunchScreen.storyboard */,
				AB066D721F4D25D400378D80 /* Info.plist */,
				AB066D9D1F4D29EA00378D80 /* PrefixHeader.pch */,
			);
			path = Resource;
			sourceTree = "<group>";
		};
		AB066D9C1F4D29AE00378D80 /* Image */ = {
			isa = PBXGroup;
			children = (
			);
			path = Image;
			sourceTree = "<group>";
		};
		AB066D9E1F4D2B6200378D80 /* General */ = {
			isa = PBXGroup;
			children = (
				AB066DAB1F4D2D4D00378D80 /* AppSettingDefault.h */,
				AB066DAC1F4D2D4D00378D80 /* AppSettingDefault.m */,
				54E1ACE81F4D806A009A3FCE /* DataBaseManager.h */,
				54E1ACE91F4D806A009A3FCE /* DataBaseManager.m */,
			);
			path = General;
			sourceTree = "<group>";
		};
/* End PBXGroup section */

/* Begin PBXNativeTarget section */
		AB066D5D1F4D25D400378D80 /* Smartbudget */ = {
			isa = PBXNativeTarget;
			buildConfigurationList = AB066D8B1F4D25D500378D80 /* Build configuration list for PBXNativeTarget "Smartbudget" */;
			buildPhases = (
				39BF19A49854A3167328C4E4 /* [CP] Check Pods Manifest.lock */,
				AB066D5A1F4D25D400378D80 /* Sources */,
				AB066D5B1F4D25D400378D80 /* Frameworks */,
				AB066D5C1F4D25D400378D80 /* Resources */,
				1FC2125212F7707C91DC94F6 /* [CP] Embed Pods Frameworks */,
				2AE1F8A1326A3E67B98665A7 /* [CP] Copy Pods Resources */,
			);
			buildRules = (
			);
			dependencies = (
			);
			name = Smartbudget;
			productName = Smartbudget;
			productReference = AB066D5E1F4D25D400378D80 /* Smartbudget.app */;
			productType = "com.apple.product-type.application";
		};
		AB066D761F4D25D500378D80 /* SmartbudgetTests */ = {
			isa = PBXNativeTarget;
			buildConfigurationList = AB066D8E1F4D25D500378D80 /* Build configuration list for PBXNativeTarget "SmartbudgetTests" */;
			buildPhases = (
				3EC064B227B16E8A70788148 /* [CP] Check Pods Manifest.lock */,
				AB066D731F4D25D500378D80 /* Sources */,
				AB066D741F4D25D500378D80 /* Frameworks */,
				AB066D751F4D25D500378D80 /* Resources */,
				6D29F484B6D8012832A56265 /* [CP] Embed Pods Frameworks */,
				441654F617B297DEAD4F5F47 /* [CP] Copy Pods Resources */,
			);
			buildRules = (
			);
			dependencies = (
				AB066D791F4D25D500378D80 /* PBXTargetDependency */,
			);
			name = SmartbudgetTests;
			productName = SmartbudgetTests;
			productReference = AB066D771F4D25D500378D80 /* SmartbudgetTests.xctest */;
			productType = "com.apple.product-type.bundle.unit-test";
		};
		AB066D811F4D25D500378D80 /* SmartbudgetUITests */ = {
			isa = PBXNativeTarget;
			buildConfigurationList = AB066D911F4D25D500378D80 /* Build configuration list for PBXNativeTarget "SmartbudgetUITests" */;
			buildPhases = (
				4145B0E59B13A225A7C21334 /* [CP] Check Pods Manifest.lock */,
				AB066D7E1F4D25D500378D80 /* Sources */,
				AB066D7F1F4D25D500378D80 /* Frameworks */,
				AB066D801F4D25D500378D80 /* Resources */,
				D4BA76D61C393CD0A8C697D4 /* [CP] Embed Pods Frameworks */,
				700D1B01976CF217F2E597A8 /* [CP] Copy Pods Resources */,
			);
			buildRules = (
			);
			dependencies = (
				AB066D841F4D25D500378D80 /* PBXTargetDependency */,
			);
			name = SmartbudgetUITests;
			productName = SmartbudgetUITests;
			productReference = AB066D821F4D25D500378D80 /* SmartbudgetUITests.xctest */;
			productType = "com.apple.product-type.bundle.ui-testing";
		};
/* End PBXNativeTarget section */

/* Begin PBXProject section */
		AB066D561F4D25D400378D80 /* Project object */ = {
			isa = PBXProject;
			attributes = {
				LastUpgradeCheck = 0830;
				ORGANIZATIONNAME = zf;
				TargetAttributes = {
					AB066D5D1F4D25D400378D80 = {
						CreatedOnToolsVersion = 8.3.3;
						DevelopmentTeam = J57B9DGDTL;
						ProvisioningStyle = Automatic;
					};
					AB066D761F4D25D500378D80 = {
						CreatedOnToolsVersion = 8.3.3;
						ProvisioningStyle = Automatic;
						TestTargetID = AB066D5D1F4D25D400378D80;
					};
					AB066D811F4D25D500378D80 = {
						CreatedOnToolsVersion = 8.3.3;
						ProvisioningStyle = Automatic;
						TestTargetID = AB066D5D1F4D25D400378D80;
					};
				};
			};
			buildConfigurationList = AB066D591F4D25D400378D80 /* Build configuration list for PBXProject "Smartbudget" */;
			compatibilityVersion = "Xcode 3.2";
			developmentRegion = English;
			hasScannedForEncodings = 0;
			knownRegions = (
				en,
				Base,
			);
			mainGroup = AB066D551F4D25D400378D80;
			productRefGroup = AB066D5F1F4D25D400378D80 /* Products */;
			projectDirPath = "";
			projectRoot = "";
			targets = (
				AB066D5D1F4D25D400378D80 /* Smartbudget */,
				AB066D761F4D25D500378D80 /* SmartbudgetTests */,
				AB066D811F4D25D500378D80 /* SmartbudgetUITests */,
			);
		};
/* End PBXProject section */

/* Begin PBXResourcesBuildPhase section */
		AB066D5C1F4D25D400378D80 /* Resources */ = {
			isa = PBXResourcesBuildPhase;
			buildActionMask = 2147483647;
			files = (
				AB066D711F4D25D400378D80 /* LaunchScreen.storyboard in Resources */,
				AB066D6E1F4D25D400378D80 /* Assets.xcassets in Resources */,
				54E1ACE41F4D7E26009A3FCE /* MainTableViewCell.xib in Resources */,
				544394A71F60EAE800791FC3 /* SpendView.xib in Resources */,
				AB066D6C1F4D25D400378D80 /* Main.storyboard in Resources */,
				54E1ACEF1F4EB49A009A3FCE /* AddBudgetViewController.xib in Resources */,
				544F8A5C1F623A440078B3D4 /* OrderTypeLabel.plist in Resources */,
				5443949F1F5EBB2D00791FC3 /* OrderTableViewCell.xib in Resources */,
				544394AC1F6139EF00791FC3 /* LabelCollectionViewCell.xib in Resources */,
				5443949A1F5EB06700791FC3 /* ExpenseViewController.xib in Resources */,
			);
			runOnlyForDeploymentPostprocessing = 0;
		};
		AB066D751F4D25D500378D80 /* Resources */ = {
			isa = PBXResourcesBuildPhase;
			buildActionMask = 2147483647;
			files = (
			);
			runOnlyForDeploymentPostprocessing = 0;
		};
		AB066D801F4D25D500378D80 /* Resources */ = {
			isa = PBXResourcesBuildPhase;
			buildActionMask = 2147483647;
			files = (
			);
			runOnlyForDeploymentPostprocessing = 0;
		};
/* End PBXResourcesBuildPhase section */

/* Begin PBXShellScriptBuildPhase section */
		1FC2125212F7707C91DC94F6 /* [CP] Embed Pods Frameworks */ = {
			isa = PBXShellScriptBuildPhase;
			buildActionMask = 2147483647;
			files = (
			);
			inputPaths = (
			);
			name = "[CP] Embed Pods Frameworks";
			outputPaths = (
			);
			runOnlyForDeploymentPostprocessing = 0;
			shellPath = /bin/sh;
			shellScript = "\"${SRCROOT}/Pods/Target Support Files/Pods-Smartbudget/Pods-Smartbudget-frameworks.sh\"\n";
			showEnvVarsInLog = 0;
		};
		2AE1F8A1326A3E67B98665A7 /* [CP] Copy Pods Resources */ = {
			isa = PBXShellScriptBuildPhase;
			buildActionMask = 2147483647;
			files = (
			);
			inputPaths = (
			);
			name = "[CP] Copy Pods Resources";
			outputPaths = (
			);
			runOnlyForDeploymentPostprocessing = 0;
			shellPath = /bin/sh;
			shellScript = "\"${SRCROOT}/Pods/Target Support Files/Pods-Smartbudget/Pods-Smartbudget-resources.sh\"\n";
			showEnvVarsInLog = 0;
		};
		39BF19A49854A3167328C4E4 /* [CP] Check Pods Manifest.lock */ = {
			isa = PBXShellScriptBuildPhase;
			buildActionMask = 2147483647;
			files = (
			);
			inputPaths = (
			);
			name = "[CP] Check Pods Manifest.lock";
			outputPaths = (
			);
			runOnlyForDeploymentPostprocessing = 0;
			shellPath = /bin/sh;
			shellScript = "diff \"${PODS_PODFILE_DIR_PATH}/Podfile.lock\" \"${PODS_ROOT}/Manifest.lock\" > /dev/null\nif [ $? != 0 ] ; then\n    # print error to STDERR\n    echo \"error: The sandbox is not in sync with the Podfile.lock. Run 'pod install' or update your CocoaPods installation.\" >&2\n    exit 1\nfi\n";
			showEnvVarsInLog = 0;
		};
		3EC064B227B16E8A70788148 /* [CP] Check Pods Manifest.lock */ = {
			isa = PBXShellScriptBuildPhase;
			buildActionMask = 2147483647;
			files = (
			);
			inputPaths = (
			);
			name = "[CP] Check Pods Manifest.lock";
			outputPaths = (
			);
			runOnlyForDeploymentPostprocessing = 0;
			shellPath = /bin/sh;
			shellScript = "diff \"${PODS_PODFILE_DIR_PATH}/Podfile.lock\" \"${PODS_ROOT}/Manifest.lock\" > /dev/null\nif [ $? != 0 ] ; then\n    # print error to STDERR\n    echo \"error: The sandbox is not in sync with the Podfile.lock. Run 'pod install' or update your CocoaPods installation.\" >&2\n    exit 1\nfi\n";
			showEnvVarsInLog = 0;
		};
		4145B0E59B13A225A7C21334 /* [CP] Check Pods Manifest.lock */ = {
			isa = PBXShellScriptBuildPhase;
			buildActionMask = 2147483647;
			files = (
			);
			inputPaths = (
			);
			name = "[CP] Check Pods Manifest.lock";
			outputPaths = (
			);
			runOnlyForDeploymentPostprocessing = 0;
			shellPath = /bin/sh;
			shellScript = "diff \"${PODS_PODFILE_DIR_PATH}/Podfile.lock\" \"${PODS_ROOT}/Manifest.lock\" > /dev/null\nif [ $? != 0 ] ; then\n    # print error to STDERR\n    echo \"error: The sandbox is not in sync with the Podfile.lock. Run 'pod install' or update your CocoaPods installation.\" >&2\n    exit 1\nfi\n";
			showEnvVarsInLog = 0;
		};
		441654F617B297DEAD4F5F47 /* [CP] Copy Pods Resources */ = {
			isa = PBXShellScriptBuildPhase;
			buildActionMask = 2147483647;
			files = (
			);
			inputPaths = (
			);
			name = "[CP] Copy Pods Resources";
			outputPaths = (
			);
			runOnlyForDeploymentPostprocessing = 0;
			shellPath = /bin/sh;
			shellScript = "\"${SRCROOT}/Pods/Target Support Files/Pods-SmartbudgetTests/Pods-SmartbudgetTests-resources.sh\"\n";
			showEnvVarsInLog = 0;
		};
		6D29F484B6D8012832A56265 /* [CP] Embed Pods Frameworks */ = {
			isa = PBXShellScriptBuildPhase;
			buildActionMask = 2147483647;
			files = (
			);
			inputPaths = (
			);
			name = "[CP] Embed Pods Frameworks";
			outputPaths = (
			);
			runOnlyForDeploymentPostprocessing = 0;
			shellPath = /bin/sh;
			shellScript = "\"${SRCROOT}/Pods/Target Support Files/Pods-SmartbudgetTests/Pods-SmartbudgetTests-frameworks.sh\"\n";
			showEnvVarsInLog = 0;
		};
		700D1B01976CF217F2E597A8 /* [CP] Copy Pods Resources */ = {
			isa = PBXShellScriptBuildPhase;
			buildActionMask = 2147483647;
			files = (
			);
			inputPaths = (
			);
			name = "[CP] Copy Pods Resources";
			outputPaths = (
			);
			runOnlyForDeploymentPostprocessing = 0;
			shellPath = /bin/sh;
			shellScript = "\"${SRCROOT}/Pods/Target Support Files/Pods-SmartbudgetUITests/Pods-SmartbudgetUITests-resources.sh\"\n";
			showEnvVarsInLog = 0;
		};
		D4BA76D61C393CD0A8C697D4 /* [CP] Embed Pods Frameworks */ = {
			isa = PBXShellScriptBuildPhase;
			buildActionMask = 2147483647;
			files = (
			);
			inputPaths = (
			);
			name = "[CP] Embed Pods Frameworks";
			outputPaths = (
			);
			runOnlyForDeploymentPostprocessing = 0;
			shellPath = /bin/sh;
			shellScript = "\"${SRCROOT}/Pods/Target Support Files/Pods-SmartbudgetUITests/Pods-SmartbudgetUITests-frameworks.sh\"\n";
			showEnvVarsInLog = 0;
		};
/* End PBXShellScriptBuildPhase section */

/* Begin PBXSourcesBuildPhase section */
		AB066D5A1F4D25D400378D80 /* Sources */ = {
			isa = PBXSourcesBuildPhase;
			buildActionMask = 2147483647;
			files = (
				AB066D661F4D25D400378D80 /* AppDelegate.m in Sources */,
				540E2CF61F57F15A00A8D85F /* JKDBHelper.m in Sources */,
				AB066DAD1F4D2D4D00378D80 /* AppSettingDefault.m in Sources */,
				AB066D631F4D25D400378D80 /* main.m in Sources */,
				544394A21F5FD06C00791FC3 /* PullDwonView.m in Sources */,
				540E2CF71F57F15A00A8D85F /* JKDBModel.m in Sources */,
				54E1ACE31F4D7E26009A3FCE /* MainTableViewCell.m in Sources */,
				54E1ACDF1F4D7DFA009A3FCE /* MainViewController.m in Sources */,
				AB066DB11F4D333500378D80 /* UIColor+AppConfigure.m in Sources */,
				54E1ACEA1F4D806A009A3FCE /* DataBaseManager.m in Sources */,
				AB066DA11F4D2B7900378D80 /* RootViewController.m in Sources */,
				544394A51F5FEAD700791FC3 /* SpendView.m in Sources */,
				AB066DA41F4D2B9B00378D80 /* RootNavgationController.m in Sources */,
				544394AB1F6139EF00791FC3 /* LabelCollectionViewCell.m in Sources */,
				54E1ACE71F4D7F75009A3FCE /* BudgetModel.m in Sources */,
				AB066DA71F4D2BAF00378D80 /* RootView.m in Sources */,
				54E1ACEE1F4EB49A009A3FCE /* AddBudgetViewController.m in Sources */,
				5443949E1F5EBB2D00791FC3 /* OrderTableViewCell.m in Sources */,
				544394991F5EB06700791FC3 /* ExpenseViewController.m in Sources */,
			);
			runOnlyForDeploymentPostprocessing = 0;
		};
		AB066D731F4D25D500378D80 /* Sources */ = {
			isa = PBXSourcesBuildPhase;
			buildActionMask = 2147483647;
			files = (
				AB066D7C1F4D25D500378D80 /* SmartbudgetTests.m in Sources */,
			);
			runOnlyForDeploymentPostprocessing = 0;
		};
		AB066D7E1F4D25D500378D80 /* Sources */ = {
			isa = PBXSourcesBuildPhase;
			buildActionMask = 2147483647;
			files = (
				AB066D871F4D25D500378D80 /* SmartbudgetUITests.m in Sources */,
			);
			runOnlyForDeploymentPostprocessing = 0;
		};
/* End PBXSourcesBuildPhase section */

/* Begin PBXTargetDependency section */
		AB066D791F4D25D500378D80 /* PBXTargetDependency */ = {
			isa = PBXTargetDependency;
			target = AB066D5D1F4D25D400378D80 /* Smartbudget */;
			targetProxy = AB066D781F4D25D500378D80 /* PBXContainerItemProxy */;
		};
		AB066D841F4D25D500378D80 /* PBXTargetDependency */ = {
			isa = PBXTargetDependency;
			target = AB066D5D1F4D25D400378D80 /* Smartbudget */;
			targetProxy = AB066D831F4D25D500378D80 /* PBXContainerItemProxy */;
		};
/* End PBXTargetDependency section */

/* Begin PBXVariantGroup section */
		AB066D6A1F4D25D400378D80 /* Main.storyboard */ = {
			isa = PBXVariantGroup;
			children = (
				AB066D6B1F4D25D400378D80 /* Base */,
			);
			name = Main.storyboard;
			path = ..;
			sourceTree = "<group>";
		};
		AB066D6F1F4D25D400378D80 /* LaunchScreen.storyboard */ = {
			isa = PBXVariantGroup;
			children = (
				AB066D701F4D25D400378D80 /* Base */,
			);
			name = LaunchScreen.storyboard;
			path = ..;
			sourceTree = "<group>";
		};
/* End PBXVariantGroup section */

/* Begin XCBuildConfiguration section */
		AB066D891F4D25D500378D80 /* Debug */ = {
			isa = XCBuildConfiguration;
			buildSettings = {
				ALWAYS_SEARCH_USER_PATHS = NO;
				CLANG_ANALYZER_NONNULL = YES;
				CLANG_ANALYZER_NUMBER_OBJECT_CONVERSION = YES_AGGRESSIVE;
				CLANG_CXX_LANGUAGE_STANDARD = "gnu++0x";
				CLANG_CXX_LIBRARY = "libc++";
				CLANG_ENABLE_MODULES = YES;
				CLANG_ENABLE_OBJC_ARC = YES;
				CLANG_WARN_BOOL_CONVERSION = YES;
				CLANG_WARN_CONSTANT_CONVERSION = YES;
				CLANG_WARN_DIRECT_OBJC_ISA_USAGE = YES_ERROR;
				CLANG_WARN_DOCUMENTATION_COMMENTS = YES;
				CLANG_WARN_EMPTY_BODY = YES;
				CLANG_WARN_ENUM_CONVERSION = YES;
				CLANG_WARN_INFINITE_RECURSION = YES;
				CLANG_WARN_INT_CONVERSION = YES;
				CLANG_WARN_OBJC_ROOT_CLASS = YES_ERROR;
				CLANG_WARN_SUSPICIOUS_MOVE = YES;
				CLANG_WARN_UNREACHABLE_CODE = YES;
				CLANG_WARN__DUPLICATE_METHOD_MATCH = YES;
				"CODE_SIGN_IDENTITY[sdk=iphoneos*]" = "iPhone Developer";
				COPY_PHASE_STRIP = NO;
				DEBUG_INFORMATION_FORMAT = dwarf;
				ENABLE_STRICT_OBJC_MSGSEND = YES;
				ENABLE_TESTABILITY = YES;
				GCC_C_LANGUAGE_STANDARD = gnu99;
				GCC_DYNAMIC_NO_PIC = NO;
				GCC_NO_COMMON_BLOCKS = YES;
				GCC_OPTIMIZATION_LEVEL = 0;
				GCC_PREPROCESSOR_DEFINITIONS = (
					"DEBUG=1",
					"$(inherited)",
				);
				GCC_WARN_64_TO_32_BIT_CONVERSION = YES;
				GCC_WARN_ABOUT_RETURN_TYPE = YES_ERROR;
				GCC_WARN_UNDECLARED_SELECTOR = YES;
				GCC_WARN_UNINITIALIZED_AUTOS = YES_AGGRESSIVE;
				GCC_WARN_UNUSED_FUNCTION = YES;
				GCC_WARN_UNUSED_VARIABLE = YES;
				IPHONEOS_DEPLOYMENT_TARGET = 10.3;
				MTL_ENABLE_DEBUG_INFO = YES;
				ONLY_ACTIVE_ARCH = YES;
				SDKROOT = iphoneos;
				TARGETED_DEVICE_FAMILY = "1,2";
			};
			name = Debug;
		};
		AB066D8A1F4D25D500378D80 /* Release */ = {
			isa = XCBuildConfiguration;
			buildSettings = {
				ALWAYS_SEARCH_USER_PATHS = NO;
				CLANG_ANALYZER_NONNULL = YES;
				CLANG_ANALYZER_NUMBER_OBJECT_CONVERSION = YES_AGGRESSIVE;
				CLANG_CXX_LANGUAGE_STANDARD = "gnu++0x";
				CLANG_CXX_LIBRARY = "libc++";
				CLANG_ENABLE_MODULES = YES;
				CLANG_ENABLE_OBJC_ARC = YES;
				CLANG_WARN_BOOL_CONVERSION = YES;
				CLANG_WARN_CONSTANT_CONVERSION = YES;
				CLANG_WARN_DIRECT_OBJC_ISA_USAGE = YES_ERROR;
				CLANG_WARN_DOCUMENTATION_COMMENTS = YES;
				CLANG_WARN_EMPTY_BODY = YES;
				CLANG_WARN_ENUM_CONVERSION = YES;
				CLANG_WARN_INFINITE_RECURSION = YES;
				CLANG_WARN_INT_CONVERSION = YES;
				CLANG_WARN_OBJC_ROOT_CLASS = YES_ERROR;
				CLANG_WARN_SUSPICIOUS_MOVE = YES;
				CLANG_WARN_UNREACHABLE_CODE = YES;
				CLANG_WARN__DUPLICATE_METHOD_MATCH = YES;
				"CODE_SIGN_IDENTITY[sdk=iphoneos*]" = "iPhone Developer";
				COPY_PHASE_STRIP = NO;
				DEBUG_INFORMATION_FORMAT = "dwarf-with-dsym";
				ENABLE_NS_ASSERTIONS = NO;
				ENABLE_STRICT_OBJC_MSGSEND = YES;
				GCC_C_LANGUAGE_STANDARD = gnu99;
				GCC_NO_COMMON_BLOCKS = YES;
				GCC_WARN_64_TO_32_BIT_CONVERSION = YES;
				GCC_WARN_ABOUT_RETURN_TYPE = YES_ERROR;
				GCC_WARN_UNDECLARED_SELECTOR = YES;
				GCC_WARN_UNINITIALIZED_AUTOS = YES_AGGRESSIVE;
				GCC_WARN_UNUSED_FUNCTION = YES;
				GCC_WARN_UNUSED_VARIABLE = YES;
				IPHONEOS_DEPLOYMENT_TARGET = 10.3;
				MTL_ENABLE_DEBUG_INFO = NO;
				SDKROOT = iphoneos;
				TARGETED_DEVICE_FAMILY = "1,2";
				VALIDATE_PRODUCT = YES;
			};
			name = Release;
		};
		AB066D8C1F4D25D500378D80 /* Debug */ = {
			isa = XCBuildConfiguration;
			baseConfigurationReference = D944F1EFF560884AFD098E14 /* Pods-Smartbudget.debug.xcconfig */;
			buildSettings = {
				ASSETCATALOG_COMPILER_APPICON_NAME = AppIcon;
				DEVELOPMENT_TEAM = J57B9DGDTL;
				GCC_PRECOMPILE_PREFIX_HEADER = YES;
				GCC_PREFIX_HEADER = "$(SRCROOT)/Smartbudget/Resource/PrefixHeader.pch";
				INFOPLIST_FILE = Smartbudget/Info.plist;
				LD_RUNPATH_SEARCH_PATHS = "$(inherited) @executable_path/Frameworks";
				PRODUCT_BUNDLE_IDENTIFIER = com.zf.Smartbudget;
				PRODUCT_NAME = "$(TARGET_NAME)";
			};
			name = Debug;
		};
		AB066D8D1F4D25D500378D80 /* Release */ = {
			isa = XCBuildConfiguration;
			baseConfigurationReference = 9F2F76DA26AA18A767EA8406 /* Pods-Smartbudget.release.xcconfig */;
			buildSettings = {
				ASSETCATALOG_COMPILER_APPICON_NAME = AppIcon;
				DEVELOPMENT_TEAM = J57B9DGDTL;
				GCC_PRECOMPILE_PREFIX_HEADER = YES;
				GCC_PREFIX_HEADER = "$(SRCROOT)/Smartbudget/Resource/PrefixHeader.pch";
				INFOPLIST_FILE = Smartbudget/Info.plist;
				LD_RUNPATH_SEARCH_PATHS = "$(inherited) @executable_path/Frameworks";
				PRODUCT_BUNDLE_IDENTIFIER = com.zf.Smartbudget;
				PRODUCT_NAME = "$(TARGET_NAME)";
			};
			name = Release;
		};
		AB066D8F1F4D25D500378D80 /* Debug */ = {
			isa = XCBuildConfiguration;
			baseConfigurationReference = A9E6FC8E629AF15AE6A46147 /* Pods-SmartbudgetTests.debug.xcconfig */;
			buildSettings = {
				BUNDLE_LOADER = "$(TEST_HOST)";
				INFOPLIST_FILE = SmartbudgetTests/Info.plist;
				LD_RUNPATH_SEARCH_PATHS = "$(inherited) @executable_path/Frameworks @loader_path/Frameworks";
				PRODUCT_BUNDLE_IDENTIFIER = com.zf.SmartbudgetTests;
				PRODUCT_NAME = "$(TARGET_NAME)";
				TEST_HOST = "$(BUILT_PRODUCTS_DIR)/Smartbudget.app/Smartbudget";
			};
			name = Debug;
		};
		AB066D901F4D25D500378D80 /* Release */ = {
			isa = XCBuildConfiguration;
			baseConfigurationReference = 6BD6083850259A8C7654250B /* Pods-SmartbudgetTests.release.xcconfig */;
			buildSettings = {
				BUNDLE_LOADER = "$(TEST_HOST)";
				INFOPLIST_FILE = SmartbudgetTests/Info.plist;
				LD_RUNPATH_SEARCH_PATHS = "$(inherited) @executable_path/Frameworks @loader_path/Frameworks";
				PRODUCT_BUNDLE_IDENTIFIER = com.zf.SmartbudgetTests;
				PRODUCT_NAME = "$(TARGET_NAME)";
				TEST_HOST = "$(BUILT_PRODUCTS_DIR)/Smartbudget.app/Smartbudget";
			};
			name = Release;
		};
		AB066D921F4D25D500378D80 /* Debug */ = {
			isa = XCBuildConfiguration;
			baseConfigurationReference = 7187276B38189629F56F845A /* Pods-SmartbudgetUITests.debug.xcconfig */;
			buildSettings = {
				INFOPLIST_FILE = SmartbudgetUITests/Info.plist;
				LD_RUNPATH_SEARCH_PATHS = "$(inherited) @executable_path/Frameworks @loader_path/Frameworks";
				PRODUCT_BUNDLE_IDENTIFIER = com.zf.SmartbudgetUITests;
				PRODUCT_NAME = "$(TARGET_NAME)";
				TEST_TARGET_NAME = Smartbudget;
			};
			name = Debug;
		};
		AB066D931F4D25D500378D80 /* Release */ = {
			isa = XCBuildConfiguration;
			baseConfigurationReference = E01074A7DC6F3239F8ED68AD /* Pods-SmartbudgetUITests.release.xcconfig */;
			buildSettings = {
				INFOPLIST_FILE = SmartbudgetUITests/Info.plist;
				LD_RUNPATH_SEARCH_PATHS = "$(inherited) @executable_path/Frameworks @loader_path/Frameworks";
				PRODUCT_BUNDLE_IDENTIFIER = com.zf.SmartbudgetUITests;
				PRODUCT_NAME = "$(TARGET_NAME)";
				TEST_TARGET_NAME = Smartbudget;
			};
			name = Release;
		};
/* End XCBuildConfiguration section */

/* Begin XCConfigurationList section */
		AB066D591F4D25D400378D80 /* Build configuration list for PBXProject "Smartbudget" */ = {
			isa = XCConfigurationList;
			buildConfigurations = (
				AB066D891F4D25D500378D80 /* Debug */,
				AB066D8A1F4D25D500378D80 /* Release */,
			);
			defaultConfigurationIsVisible = 0;
			defaultConfigurationName = Release;
		};
		AB066D8B1F4D25D500378D80 /* Build configuration list for PBXNativeTarget "Smartbudget" */ = {
			isa = XCConfigurationList;
			buildConfigurations = (
				AB066D8C1F4D25D500378D80 /* Debug */,
				AB066D8D1F4D25D500378D80 /* Release */,
			);
			defaultConfigurationIsVisible = 0;
			defaultConfigurationName = Release;
		};
		AB066D8E1F4D25D500378D80 /* Build configuration list for PBXNativeTarget "SmartbudgetTests" */ = {
			isa = XCConfigurationList;
			buildConfigurations = (
				AB066D8F1F4D25D500378D80 /* Debug */,
				AB066D901F4D25D500378D80 /* Release */,
			);
			defaultConfigurationIsVisible = 0;
			defaultConfigurationName = Release;
		};
		AB066D911F4D25D500378D80 /* Build configuration list for PBXNativeTarget "SmartbudgetUITests" */ = {
			isa = XCConfigurationList;
			buildConfigurations = (
				AB066D921F4D25D500378D80 /* Debug */,
				AB066D931F4D25D500378D80 /* Release */,
			);
			defaultConfigurationIsVisible = 0;
			defaultConfigurationName = Release;
		};
/* End XCConfigurationList section */
	};
	rootObject = AB066D561F4D25D400378D80 /* Project object */;
}
